
Microsoft Visual Studio Solution File, Format Version 12.00
# Visual Studio Version 16
VisualStudioVersion = 16.0.31005.135
MinimumVisualStudioVersion = 10.0.40219.1
Project("{FAE04EC0-301F-11D3-BF4B-00C04F79EFBC}") = "CSV_Reader", "CSV_Reader\CSV_Reader.csproj", "{63FFC8D1-2FDD-4582-9EFA-10AC345A1A4A}"
EndProject
Global
	GlobalSection(SolutionConfigurationPlatforms) = preSolution
		Debug|Any CPU = Debug|Any CPU
		Release|Any CPU = Release|Any CPU
	EndGlobalSection
	GlobalSection(ProjectConfigurationPlatforms) = postSolution
		{63FFC8D1-2FDD-4582-9EFA-10AC345A1A4A}.Debug|Any CPU.ActiveCfg = Debug|Any CPU
		{63FFC8D1-2FDD-4582-9EFA-10AC345A1A4A}.Debug|Any CPU.Build.0 = Debug|Any CPU
		{63FFC8D1-2FDD-4582-9EFA-10AC345A1A4A}.Release|Any CPU.ActiveCfg = Release|Any CPU
		{63FFC8D1-2FDD-4582-9EFA-10AC345A1A4A}.Release|Any CPU.Build.0 = Release|Any CPU
	EndGlobalSection
	GlobalSection(SolutionProperties) = preSolution
		HideSolutionNode = FALSE
	EndGlobalSection
	GlobalSection(ExtensibilityGlobals) = postSolution
		SolutionGuid = {2C85C83A-48F4-4DAF-909D-7093557B44F1}
	EndGlobalSection
EndGlobal
